
Microsoft Visual Studio Solution File, Format Version 12.00
# Visual Studio Version 16
VisualStudioVersion = 16.0.29613.14
MinimumVisualStudioVersion = 10.0.40219.1
Project("{9A19103F-16F7-4668-BE54-9A1E7A4F7556}") = "MyTigerApp", "MyTigerApp.csproj", "{EB2D8553-D909-4301-BB03-67F53ADF57BA}"
EndProject
Global
	GlobalSection(SolutionConfigurationPlatforms) = preSolution
		Debug|Any CPU = Debug|Any CPU
		Release|Any CPU = Release|Any CPU
	EndGlobalSection
	GlobalSection(ProjectConfigurationPlatforms) = postSolution
		{EB2D8553-D909-4301-BB03-67F53ADF57BA}.Debug|Any CPU.ActiveCfg = Debug|Any CPU
		{EB2D8553-D909-4301-BB03-67F53ADF57BA}.Debug|Any CPU.Build.0 = Debug|Any CPU
		{EB2D8553-D909-4301-BB03-67F53ADF57BA}.Release|Any CPU.ActiveCfg = Release|Any CPU
		{EB2D8553-D909-4301-BB03-67F53ADF57BA}.Release|Any CPU.Build.0 = Release|Any CPU
	EndGlobalSection
	GlobalSection(SolutionProperties) = preSolution
		HideSolutionNode = FALSE
	EndGlobalSection
	GlobalSection(ExtensibilityGlobals) = postSolution
		SolutionGuid = {65AB7C10-8887-4FDB-A8E6-997FCE744EF2}
	EndGlobalSection
EndGlobal
