
Microsoft Visual Studio Solution File, Format Version 12.00
# Visual Studio Version 16
VisualStudioVersion = 16.0.29613.14
MinimumVisualStudioVersion = 10.0.40219.1
Project("{9A19103F-16F7-4668-BE54-9A1E7A4F7556}") = "MyLizardApp", "MyLizardApp.csproj", "{058DB05B-2A24-40C2-A24C-451A078E61E9}"
EndProject
Global
	GlobalSection(SolutionConfigurationPlatforms) = preSolution
		Debug|Any CPU = Debug|Any CPU
		Release|Any CPU = Release|Any CPU
	EndGlobalSection
	GlobalSection(ProjectConfigurationPlatforms) = postSolution
		{058DB05B-2A24-40C2-A24C-451A078E61E9}.Debug|Any CPU.ActiveCfg = Debug|Any CPU
		{058DB05B-2A24-40C2-A24C-451A078E61E9}.Debug|Any CPU.Build.0 = Debug|Any CPU
		{058DB05B-2A24-40C2-A24C-451A078E61E9}.Release|Any CPU.ActiveCfg = Release|Any CPU
		{058DB05B-2A24-40C2-A24C-451A078E61E9}.Release|Any CPU.Build.0 = Release|Any CPU
	EndGlobalSection
	GlobalSection(SolutionProperties) = preSolution
		HideSolutionNode = FALSE
	EndGlobalSection
	GlobalSection(ExtensibilityGlobals) = postSolution
		SolutionGuid = {A3ECE1C7-61BD-472C-9A3E-29D52753C689}
	EndGlobalSection
EndGlobal
